
Microsoft Visual Studio Solution File, Format Version 12.00
# Visual Studio Version 16
VisualStudioVersion = 16.0.30717.126
MinimumVisualStudioVersion = 10.0.40219.1
Project("{FAE04EC0-301F-11D3-BF4B-00C04F79EFBC}") = "Api", "Api\Api.csproj", "{BAD3A30C-8B82-4824-A496-02EA9D096A8D}"
EndProject
Project("{9A19103F-16F7-4668-BE54-9A1E7A4F7556}") = "StudyManager.Models", "..\SGMCoreCourseHW8\StudyManager.Models\StudyManager.Models.csproj", "{865C6C26-56D1-4CC5-8EA7-CC7394B060F7}"
EndProject
Project("{9A19103F-16F7-4668-BE54-9A1E7A4F7556}") = "StudyManager.DataAccess.ADO", "..\SGMCoreCourseHW8\StudyManager.DataAccess.ADO\StudyManager.DataAccess.ADO.csproj", "{5DA3B09B-24ED-4D8B-BC49-046DE94566C5}"
EndProject
Global
	GlobalSection(SolutionConfigurationPlatforms) = preSolution
		Debug|Any CPU = Debug|Any CPU
		Release|Any CPU = Release|Any CPU
	EndGlobalSection
	GlobalSection(ProjectConfigurationPlatforms) = postSolution
		{BAD3A30C-8B82-4824-A496-02EA9D096A8D}.Debug|Any CPU.ActiveCfg = Debug|Any CPU
		{BAD3A30C-8B82-4824-A496-02EA9D096A8D}.Debug|Any CPU.Build.0 = Debug|Any CPU
		{BAD3A30C-8B82-4824-A496-02EA9D096A8D}.Release|Any CPU.ActiveCfg = Release|Any CPU
		{BAD3A30C-8B82-4824-A496-02EA9D096A8D}.Release|Any CPU.Build.0 = Release|Any CPU
		{865C6C26-56D1-4CC5-8EA7-CC7394B060F7}.Debug|Any CPU.ActiveCfg = Debug|Any CPU
		{865C6C26-56D1-4CC5-8EA7-CC7394B060F7}.Debug|Any CPU.Build.0 = Debug|Any CPU
		{865C6C26-56D1-4CC5-8EA7-CC7394B060F7}.Release|Any CPU.ActiveCfg = Release|Any CPU
		{865C6C26-56D1-4CC5-8EA7-CC7394B060F7}.Release|Any CPU.Build.0 = Release|Any CPU
		{5DA3B09B-24ED-4D8B-BC49-046DE94566C5}.Debug|Any CPU.ActiveCfg = Debug|Any CPU
		{5DA3B09B-24ED-4D8B-BC49-046DE94566C5}.Debug|Any CPU.Build.0 = Debug|Any CPU
		{5DA3B09B-24ED-4D8B-BC49-046DE94566C5}.Release|Any CPU.ActiveCfg = Release|Any CPU
		{5DA3B09B-24ED-4D8B-BC49-046DE94566C5}.Release|Any CPU.Build.0 = Release|Any CPU
	EndGlobalSection
	GlobalSection(SolutionProperties) = preSolution
		HideSolutionNode = FALSE
	EndGlobalSection
	GlobalSection(ExtensibilityGlobals) = postSolution
		SolutionGuid = {260CDA86-BC96-4487-889F-9DB558ADE37E}
	EndGlobalSection
EndGlobal
